
Microsoft Visual Studio Solution File, Format Version 12.00
# Visual Studio Version 17
VisualStudioVersion = 17.5.002.0
MinimumVisualStudioVersion = 10.0.40219.1
Project("{9A19103F-16F7-4668-BE54-9A1E7A4F7556}") = "DIAMOND", "DIAMOND.csproj", "{5933C659-410B-4FA1-B08E-24E53B5E16A7}"
EndProject
Global
	GlobalSection(SolutionConfigurationPlatforms) = preSolution
		Debug|Any CPU = Debug|Any CPU
		Release|Any CPU = Release|Any CPU
	EndGlobalSection
	GlobalSection(ProjectConfigurationPlatforms) = postSolution
		{5933C659-410B-4FA1-B08E-24E53B5E16A7}.Debug|Any CPU.ActiveCfg = Debug|Any CPU
		{5933C659-410B-4FA1-B08E-24E53B5E16A7}.Debug|Any CPU.Build.0 = Debug|Any CPU
		{5933C659-410B-4FA1-B08E-24E53B5E16A7}.Release|Any CPU.ActiveCfg = Release|Any CPU
		{5933C659-410B-4FA1-B08E-24E53B5E16A7}.Release|Any CPU.Build.0 = Release|Any CPU
	EndGlobalSection
	GlobalSection(SolutionProperties) = preSolution
		HideSolutionNode = FALSE
	EndGlobalSection
	GlobalSection(ExtensibilityGlobals) = postSolution
		SolutionGuid = {501E3AED-85A9-4CEC-93D1-8DCA9BA41968}
	EndGlobalSection
EndGlobal
